// !$*UTF8*$!
{
	archiveVersion = 1;
	classes = {
	};
	objectVersion = 50;
	objects = {

/* Begin PBXBuildFile section */
		720E47FC2235EE7A00827E93 /* AppDelegate.swift in Sources */ = {isa = PBXBuildFile; fileRef = 720E47FB2235EE7A00827E93 /* AppDelegate.swift */; };
		720E47FE2235EE7A00827E93 /* ViewController.swift in Sources */ = {isa = PBXBuildFile; fileRef = 720E47FD2235EE7A00827E93 /* ViewController.swift */; };
		720E48012235EE7A00827E93 /* Main.storyboard in Resources */ = {isa = PBXBuildFile; fileRef = 720E47FF2235EE7A00827E93 /* Main.storyboard */; };
		720E48032235EE7D00827E93 /* Assets.xcassets in Resources */ = {isa = PBXBuildFile; fileRef = 720E48022235EE7D00827E93 /* Assets.xcassets */; };
		720E48062235EE7D00827E93 /* LaunchScreen.storyboard in Resources */ = {isa = PBXBuildFile; fileRef = 720E48042235EE7D00827E93 /* LaunchScreen.storyboard */; };
		720E48112235EE7D00827E93 /* AlphaCamTests.swift in Sources */ = {isa = PBXBuildFile; fileRef = 720E48102235EE7D00827E93 /* AlphaCamTests.swift */; };
		720E481C2235EE7D00827E93 /* AlphaCamUITests.swift in Sources */ = {isa = PBXBuildFile; fileRef = 720E481B2235EE7D00827E93 /* AlphaCamUITests.swift */; };
		720E482A2236157500827E93 /* filterView.swift in Sources */ = {isa = PBXBuildFile; fileRef = 720E48292236157500827E93 /* filterView.swift */; };
/* End PBXBuildFile section */

/* Begin PBXContainerItemProxy section */
		720E480D2235EE7D00827E93 /* PBXContainerItemProxy */ = {
			isa = PBXContainerItemProxy;
			containerPortal = 720E47F02235EE7900827E93 /* Project object */;
			proxyType = 1;
			remoteGlobalIDString = 720E47F72235EE7A00827E93;
			remoteInfo = AlphaCam;
		};
		720E48182235EE7D00827E93 /* PBXContainerItemProxy */ = {
			isa = PBXContainerItemProxy;
			containerPortal = 720E47F02235EE7900827E93 /* Project object */;
			proxyType = 1;
			remoteGlobalIDString = 720E47F72235EE7A00827E93;
			remoteInfo = AlphaCam;
		};
/* End PBXContainerItemProxy section */

/* Begin PBXFileReference section */
		720E47F82235EE7A00827E93 /* AlphaCam.app */ = {isa = PBXFileReference; explicitFileType = wrapper.application; includeInIndex = 0; path = AlphaCam.app; sourceTree = BUILT_PRODUCTS_DIR; };
		720E47FB2235EE7A00827E93 /* AppDelegate.swift */ = {isa = PBXFileReference; lastKnownFileType = sourcecode.swift; path = AppDelegate.swift; sourceTree = "<group>"; };
		720E47FD2235EE7A00827E93 /* ViewController.swift */ = {isa = PBXFileReference; lastKnownFileType = sourcecode.swift; path = ViewController.swift; sourceTree = "<group>"; };
		720E48002235EE7A00827E93 /* Base */ = {isa = PBXFileReference; lastKnownFileType = file.storyboard; name = Base; path = Base.lproj/Main.storyboard; sourceTree = "<group>"; };
		720E48022235EE7D00827E93 /* Assets.xcassets */ = {isa = PBXFileReference; lastKnownFileType = folder.assetcatalog; path = Assets.xcassets; sourceTree = "<group>"; };
		720E48052235EE7D00827E93 /* Base */ = {isa = PBXFileReference; lastKnownFileType = file.storyboard; name = Base; path = Base.lproj/LaunchScreen.storyboard; sourceTree = "<group>"; };
		720E48072235EE7D00827E93 /* Info.plist */ = {isa = PBXFileReference; lastKnownFileType = text.plist.xml; path = Info.plist; sourceTree = "<group>"; };
		720E480C2235EE7D00827E93 /* AlphaCamTests.xctest */ = {isa = PBXFileReference; explicitFileType = wrapper.cfbundle; includeInIndex = 0; path = AlphaCamTests.xctest; sourceTree = BUILT_PRODUCTS_DIR; };
		720E48102235EE7D00827E93 /* AlphaCamTests.swift */ = {isa = PBXFileReference; lastKnownFileType = sourcecode.swift; path = AlphaCamTests.swift; sourceTree = "<group>"; };
		720E48122235EE7D00827E93 /* Info.plist */ = {isa = PBXFileReference; lastKnownFileType = text.plist.xml; path = Info.plist; sourceTree = "<group>"; };
		720E48172235EE7D00827E93 /* AlphaCamUITests.xctest */ = {isa = PBXFileReference; explicitFileType = wrapper.cfbundle; includeInIndex = 0; path = AlphaCamUITests.xctest; sourceTree = BUILT_PRODUCTS_DIR; };
		720E481B2235EE7D00827E93 /* AlphaCamUITests.swift */ = {isa = PBXFileReference; lastKnownFileType = sourcecode.swift; path = AlphaCamUITests.swift; sourceTree = "<group>"; };
		720E481D2235EE7D00827E93 /* Info.plist */ = {isa = PBXFileReference; lastKnownFileType = text.plist.xml; path = Info.plist; sourceTree = "<group>"; };
		720E48292236157500827E93 /* filterView.swift */ = {isa = PBXFileReference; fileEncoding = 4; lastKnownFileType = sourcecode.swift; path = filterView.swift; sourceTree = "<group>"; };
/* End PBXFileReference section */

/* Begin PBXFrameworksBuildPhase section */
		720E47F52235EE7A00827E93 /* Frameworks */ = {
			isa = PBXFrameworksBuildPhase;
			buildActionMask = 2147483647;
			files = (
			);
			runOnlyForDeploymentPostprocessing = 0;
		};
		720E48092235EE7D00827E93 /* Frameworks */ = {
			isa = PBXFrameworksBuildPhase;
			buildActionMask = 2147483647;
			files = (
			);
			runOnlyForDeploymentPostprocessing = 0;
		};
		720E48142235EE7D00827E93 /* Frameworks */ = {
			isa = PBXFrameworksBuildPhase;
			buildActionMask = 2147483647;
			files = (
			);
			runOnlyForDeploymentPostprocessing = 0;
		};
/* End PBXFrameworksBuildPhase section */

/* Begin PBXGroup section */
		720E47EF2235EE7900827E93 = {
			isa = PBXGroup;
			children = (
				720E47FA2235EE7A00827E93 /* AlphaCam */,
				720E480F2235EE7D00827E93 /* AlphaCamTests */,
				720E481A2235EE7D00827E93 /* AlphaCamUITests */,
				720E47F92235EE7A00827E93 /* Products */,
			);
			sourceTree = "<group>";
		};
		720E47F92235EE7A00827E93 /* Products */ = {
			isa = PBXGroup;
			children = (
				720E47F82235EE7A00827E93 /* AlphaCam.app */,
				720E480C2235EE7D00827E93 /* AlphaCamTests.xctest */,
				720E48172235EE7D00827E93 /* AlphaCamUITests.xctest */,
			);
			name = Products;
			sourceTree = "<group>";
		};
		720E47FA2235EE7A00827E93 /* AlphaCam */ = {
			isa = PBXGroup;
			children = (
				720E48292236157500827E93 /* filterView.swift */,
				720E47FB2235EE7A00827E93 /* AppDelegate.swift */,
				720E47FD2235EE7A00827E93 /* ViewController.swift */,
				720E47FF2235EE7A00827E93 /* Main.storyboard */,
				720E48022235EE7D00827E93 /* Assets.xcassets */,
				720E48042235EE7D00827E93 /* LaunchScreen.storyboard */,
				720E48072235EE7D00827E93 /* Info.plist */,
			);
			path = AlphaCam;
			sourceTree = "<group>";
		};
		720E480F2235EE7D00827E93 /* AlphaCamTests */ = {
			isa = PBXGroup;
			children = (
				720E48102235EE7D00827E93 /* AlphaCamTests.swift */,
				720E48122235EE7D00827E93 /* Info.plist */,
			);
			path = AlphaCamTests;
			sourceTree = "<group>";
		};
		720E481A2235EE7D00827E93 /* AlphaCamUITests */ = {
			isa = PBXGroup;
			children = (
				720E481B2235EE7D00827E93 /* AlphaCamUITests.swift */,
				720E481D2235EE7D00827E93 /* Info.plist */,
			);
			path = AlphaCamUITests;
			sourceTree = "<group>";
		};
/* End PBXGroup section */

/* Begin PBXNativeTarget section */
		720E47F72235EE7A00827E93 /* AlphaCam */ = {
			isa = PBXNativeTarget;
			buildConfigurationList = 720E48202235EE7D00827E93 /* Build configuration list for PBXNativeTarget "AlphaCam" */;
			buildPhases = (
				720E47F42235EE7A00827E93 /* Sources */,
				720E47F52235EE7A00827E93 /* Frameworks */,
				720E47F62235EE7A00827E93 /* Resources */,
			);
			buildRules = (
			);
			dependencies = (
			);
			name = AlphaCam;
			productName = AlphaCam;
			productReference = 720E47F82235EE7A00827E93 /* AlphaCam.app */;
			productType = "com.apple.product-type.application";
		};
		720E480B2235EE7D00827E93 /* AlphaCamTests */ = {
			isa = PBXNativeTarget;
			buildConfigurationList = 720E48232235EE7D00827E93 /* Build configuration list for PBXNativeTarget "AlphaCamTests" */;
			buildPhases = (
				720E48082235EE7D00827E93 /* Sources */,
				720E48092235EE7D00827E93 /* Frameworks */,
				720E480A2235EE7D00827E93 /* Resources */,
			);
			buildRules = (
			);
			dependencies = (
				720E480E2235EE7D00827E93 /* PBXTargetDependency */,
			);
			name = AlphaCamTests;
			productName = AlphaCamTests;
			productReference = 720E480C2235EE7D00827E93 /* AlphaCamTests.xctest */;
			productType = "com.apple.product-type.bundle.unit-test";
		};
		720E48162235EE7D00827E93 /* AlphaCamUITests */ = {
			isa = PBXNativeTarget;
			buildConfigurationList = 720E48262235EE7D00827E93 /* Build configuration list for PBXNativeTarget "AlphaCamUITests" */;
			buildPhases = (
				720E48132235EE7D00827E93 /* Sources */,
				720E48142235EE7D00827E93 /* Frameworks */,
				720E48152235EE7D00827E93 /* Resources */,
			);
			buildRules = (
			);
			dependencies = (
				720E48192235EE7D00827E93 /* PBXTargetDependency */,
			);
			name = AlphaCamUITests;
			productName = AlphaCamUITests;
			productReference = 720E48172235EE7D00827E93 /* AlphaCamUITests.xctest */;
			productType = "com.apple.product-type.bundle.ui-testing";
		};
/* End PBXNativeTarget section */

/* Begin PBXProject section */
		720E47F02235EE7900827E93 /* Project object */ = {
			isa = PBXProject;
			attributes = {
				LastSwiftUpdateCheck = 1010;
				LastUpgradeCheck = 1010;
				ORGANIZATIONNAME = "Alp Zerey";
				TargetAttributes = {
					720E47F72235EE7A00827E93 = {
						CreatedOnToolsVersion = 10.1;
					};
					720E480B2235EE7D00827E93 = {
						CreatedOnToolsVersion = 10.1;
						TestTargetID = 720E47F72235EE7A00827E93;
					};
					720E48162235EE7D00827E93 = {
						CreatedOnToolsVersion = 10.1;
						TestTargetID = 720E47F72235EE7A00827E93;
					};
				};
			};
			buildConfigurationList = 720E47F32235EE7900827E93 /* Build configuration list for PBXProject "AlphaCam" */;
			compatibilityVersion = "Xcode 9.3";
			developmentRegion = en;
			hasScannedForEncodings = 0;
			knownRegions = (
				en,
				Base,
			);
			mainGroup = 720E47EF2235EE7900827E93;
			productRefGroup = 720E47F92235EE7A00827E93 /* Products */;
			projectDirPath = "";
			projectRoot = "";
			targets = (
				720E47F72235EE7A00827E93 /* AlphaCam */,
				720E480B2235EE7D00827E93 /* AlphaCamTests */,
				720E48162235EE7D00827E93 /* AlphaCamUITests */,
			);
		};
/* End PBXProject section */

/* Begin PBXResourcesBuildPhase section */
		720E47F62235EE7A00827E93 /* Resources */ = {
			isa = PBXResourcesBuildPhase;
			buildActionMask = 2147483647;
			files = (
				720E48062235EE7D00827E93 /* LaunchScreen.storyboard in Resources */,
				720E48032235EE7D00827E93 /* Assets.xcassets in Resources */,
				720E48012235EE7A00827E93 /* Main.storyboard in Resources */,
			);
			runOnlyForDeploymentPostprocessing = 0;
		};
		720E480A2235EE7D00827E93 /* Resources */ = {
			isa = PBXResourcesBuildPhase;
			buildActionMask = 2147483647;
			files = (
			);
			runOnlyForDeploymentPostprocessing = 0;
		};
		720E48152235EE7D00827E93 /* Resources */ = {
			isa = PBXResourcesBuildPhase;
			buildActionMask = 2147483647;
			files = (
			);
			runOnlyForDeploymentPostprocessing = 0;
		};
/* End PBXResourcesBuildPhase section */

/* Begin PBXSourcesBuildPhase section */
		720E47F42235EE7A00827E93 /* Sources */ = {
			isa = PBXSourcesBuildPhase;
			buildActionMask = 2147483647;
			files = (
				720E47FE2235EE7A00827E93 /* ViewController.swift in Sources */,
				720E47FC2235EE7A00827E93 /* AppDelegate.swift in Sources */,
				720E482A2236157500827E93 /* filterView.swift in Sources */,
			);
			runOnlyForDeploymentPostprocessing = 0;
		};
		720E48082235EE7D00827E93 /* Sources */ = {
			isa = PBXSourcesBuildPhase;
			buildActionMask = 2147483647;
			files = (
				720E48112235EE7D00827E93 /* AlphaCamTests.swift in Sources */,
			);
			runOnlyForDeploymentPostprocessing = 0;
		};
		720E48132235EE7D00827E93 /* Sources */ = {
			isa = PBXSourcesBuildPhase;
			buildActionMask = 2147483647;
			files = (
				720E481C2235EE7D00827E93 /* AlphaCamUITests.swift in Sources */,
			);
			runOnlyForDeploymentPostprocessing = 0;
		};
/* End PBXSourcesBuildPhase section */

/* Begin PBXTargetDependency section */
		720E480E2235EE7D00827E93 /* PBXTargetDependency */ = {
			isa = PBXTargetDependency;
			target = 720E47F72235EE7A00827E93 /* AlphaCam */;
			targetProxy = 720E480D2235EE7D00827E93 /* PBXContainerItemProxy */;
		};
		720E48192235EE7D00827E93 /* PBXTargetDependency */ = {
			isa = PBXTargetDependency;
			target = 720E47F72235EE7A00827E93 /* AlphaCam */;
			targetProxy = 720E48182235EE7D00827E93 /* PBXContainerItemProxy */;
		};
/* End PBXTargetDependency section */

/* Begin PBXVariantGroup section */
		720E47FF2235EE7A00827E93 /* Main.storyboard */ = {
			isa = PBXVariantGroup;
			children = (
				720E48002235EE7A00827E93 /* Base */,
			);
			name = Main.storyboard;
			sourceTree = "<group>";
		};
		720E48042235EE7D00827E93 /* LaunchScreen.storyboard */ = {
			isa = PBXVariantGroup;
			children = (
				720E48052235EE7D00827E93 /* Base */,
			);
			name = LaunchScreen.storyboard;
			sourceTree = "<group>";
		};
/* End PBXVariantGroup section */

/* Begin XCBuildConfiguration section */
		720E481E2235EE7D00827E93 /* Debug */ = {
			isa = XCBuildConfiguration;
			buildSettings = {
				ALWAYS_SEARCH_USER_PATHS = NO;
				CLANG_ANALYZER_NONNULL = YES;
				CLANG_ANALYZER_NUMBER_OBJECT_CONVERSION = YES_AGGRESSIVE;
				CLANG_CXX_LANGUAGE_STANDARD = "gnu++14";
				CLANG_CXX_LIBRARY = "libc++";
				CLANG_ENABLE_MODULES = YES;
				CLANG_ENABLE_OBJC_ARC = YES;
				CLANG_ENABLE_OBJC_WEAK = YES;
				CLANG_WARN_BLOCK_CAPTURE_AUTORELEASING = YES;
				CLANG_WARN_BOOL_CONVERSION = YES;
				CLANG_WARN_COMMA = YES;
				CLANG_WARN_CONSTANT_CONVERSION = YES;
				CLANG_WARN_DEPRECATED_OBJC_IMPLEMENTATIONS = YES;
				CLANG_WARN_DIRECT_OBJC_ISA_USAGE = YES_ERROR;
				CLANG_WARN_DOCUMENTATION_COMMENTS = YES;
				CLANG_WARN_EMPTY_BODY = YES;
				CLANG_WARN_ENUM_CONVERSION = YES;
				CLANG_WARN_INFINITE_RECURSION = YES;
				CLANG_WARN_INT_CONVERSION = YES;
				CLANG_WARN_NON_LITERAL_NULL_CONVERSION = YES;
				CLANG_WARN_OBJC_IMPLICIT_RETAIN_SELF = YES;
				CLANG_WARN_OBJC_LITERAL_CONVERSION = YES;
				CLANG_WARN_OBJC_ROOT_CLASS = YES_ERROR;
				CLANG_WARN_RANGE_LOOP_ANALYSIS = YES;
				CLANG_WARN_STRICT_PROTOTYPES = YES;
				CLANG_WARN_SUSPICIOUS_MOVE = YES;
				CLANG_WARN_UNGUARDED_AVAILABILITY = YES_AGGRESSIVE;
				CLANG_WARN_UNREACHABLE_CODE = YES;
				CLANG_WARN__DUPLICATE_METHOD_MATCH = YES;
				CODE_SIGN_IDENTITY = "iPhone Developer";
				COPY_PHASE_STRIP = NO;
				DEBUG_INFORMATION_FORMAT = dwarf;
				ENABLE_STRICT_OBJC_MSGSEND = YES;
				ENABLE_TESTABILITY = YES;
				GCC_C_LANGUAGE_STANDARD = gnu11;
				GCC_DYNAMIC_NO_PIC = NO;
				GCC_NO_COMMON_BLOCKS = YES;
				GCC_OPTIMIZATION_LEVEL = 0;
				GCC_PREPROCESSOR_DEFINITIONS = (
					"DEBUG=1",
					"$(inherited)",
				);
				GCC_WARN_64_TO_32_BIT_CONVERSION = YES;
				GCC_WARN_ABOUT_RETURN_TYPE = YES_ERROR;
				GCC_WARN_UNDECLARED_SELECTOR = YES;
				GCC_WARN_UNINITIALIZED_AUTOS = YES_AGGRESSIVE;
				GCC_WARN_UNUSED_FUNCTION = YES;
				GCC_WARN_UNUSED_VARIABLE = YES;
				IPHONEOS_DEPLOYMENT_TARGET = 12.1;
				MTL_ENABLE_DEBUG_INFO = INCLUDE_SOURCE;
				MTL_FAST_MATH = YES;
				ONLY_ACTIVE_ARCH = YES;
				SDKROOT = iphoneos;
				SWIFT_ACTIVE_COMPILATION_CONDITIONS = DEBUG;
				SWIFT_OPTIMIZATION_LEVEL = "-Onone";
			};
			name = Debug;
		};
		720E481F2235EE7D00827E93 /* Release */ = {
			isa = XCBuildConfiguration;
			buildSettings = {
				ALWAYS_SEARCH_USER_PATHS = NO;
				CLANG_ANALYZER_NONNULL = YES;
				CLANG_ANALYZER_NUMBER_OBJECT_CONVERSION = YES_AGGRESSIVE;
				CLANG_CXX_LANGUAGE_STANDARD = "gnu++14";
				CLANG_CXX_LIBRARY = "libc++";
				CLANG_ENABLE_MODULES = YES;
				CLANG_ENABLE_OBJC_ARC = YES;
				CLANG_ENABLE_OBJC_WEAK = YES;
				CLANG_WARN_BLOCK_CAPTURE_AUTORELEASING = YES;
				CLANG_WARN_BOOL_CONVERSION = YES;
				CLANG_WARN_COMMA = YES;
				CLANG_WARN_CONSTANT_CONVERSION = YES;
				CLANG_WARN_DEPRECATED_OBJC_IMPLEMENTATIONS = YES;
				CLANG_WARN_DIRECT_OBJC_ISA_USAGE = YES_ERROR;
				CLANG_WARN_DOCUMENTATION_COMMENTS = YES;
				CLANG_WARN_EMPTY_BODY = YES;
				CLANG_WARN_ENUM_CONVERSION = YES;
				CLANG_WARN_INFINITE_RECURSION = YES;
				CLANG_WARN_INT_CONVERSION = YES;
				CLANG_WARN_NON_LITERAL_NULL_CONVERSION = YES;
				CLANG_WARN_OBJC_IMPLICIT_RETAIN_SELF = YES;
				CLANG_WARN_OBJC_LITERAL_CONVERSION = YES;
				CLANG_WARN_OBJC_ROOT_CLASS = YES_ERROR;
				CLANG_WARN_RANGE_LOOP_ANALYSIS = YES;
				CLANG_WARN_STRICT_PROTOTYPES = YES;
				CLANG_WARN_SUSPICIOUS_MOVE = YES;
				CLANG_WARN_UNGUARDED_AVAILABILITY = YES_AGGRESSIVE;
				CLANG_WARN_UNREACHABLE_CODE = YES;
				CLANG_WARN__DUPLICATE_METHOD_MATCH = YES;
				CODE_SIGN_IDENTITY = "iPhone Developer";
				COPY_PHASE_STRIP = NO;
				DEBUG_INFORMATION_FORMAT = "dwarf-with-dsym";
				ENABLE_NS_ASSERTIONS = NO;
				ENABLE_STRICT_OBJC_MSGSEND = YES;
				GCC_C_LANGUAGE_STANDARD = gnu11;
				GCC_NO_COMMON_BLOCKS = YES;
				GCC_WARN_64_TO_32_BIT_CONVERSION = YES;
				GCC_WARN_ABOUT_RETURN_TYPE = YES_ERROR;
				GCC_WARN_UNDECLARED_SELECTOR = YES;
				GCC_WARN_UNINITIALIZED_AUTOS = YES_AGGRESSIVE;
				GCC_WARN_UNUSED_FUNCTION = YES;
				GCC_WARN_UNUSED_VARIABLE = YES;
				IPHONEOS_DEPLOYMENT_TARGET = 12.1;
				MTL_ENABLE_DEBUG_INFO = NO;
				MTL_FAST_MATH = YES;
				SDKROOT = iphoneos;
				SWIFT_COMPILATION_MODE = wholemodule;
				SWIFT_OPTIMIZATION_LEVEL = "-O";
				VALIDATE_PRODUCT = YES;
			};
			name = Release;
		};
		720E48212235EE7D00827E93 /* Debug */ = {
			isa = XCBuildConfiguration;
			buildSettings = {
				ASSETCATALOG_COMPILER_APPICON_NAME = AppIcon;
				CODE_SIGN_STYLE = Automatic;
				DEVELOPMENT_TEAM = LQCMKYU39B;
				INFOPLIST_FILE = AlphaCam/Info.plist;
				LD_RUNPATH_SEARCH_PATHS = (
					"$(inherited)",
					"@executable_path/Frameworks",
				);
				PRODUCT_BUNDLE_IDENTIFIER = zerey.AlphaCam;
				PRODUCT_NAME = "$(TARGET_NAME)";
				SWIFT_VERSION = 4.2;
				TARGETED_DEVICE_FAMILY = "1,2";
			};
			name = Debug;
		};
		720E48222235EE7D00827E93 /* Release */ = {
			isa = XCBuildConfiguration;
			buildSettings = {
				ASSETCATALOG_COMPILER_APPICON_NAME = AppIcon;
				CODE_SIGN_STYLE = Automatic;
				DEVELOPMENT_TEAM = LQCMKYU39B;
				INFOPLIST_FILE = AlphaCam/Info.plist;
				LD_RUNPATH_SEARCH_PATHS = (
					"$(inherited)",
					"@executable_path/Frameworks",
				);
				PRODUCT_BUNDLE_IDENTIFIER = zerey.AlphaCam;
				PRODUCT_NAME = "$(TARGET_NAME)";
				SWIFT_VERSION = 4.2;
				TARGETED_DEVICE_FAMILY = "1,2";
			};
			name = Release;
		};
		720E48242235EE7D00827E93 /* Debug */ = {
			isa = XCBuildConfiguration;
			buildSettings = {
				ALWAYS_EMBED_SWIFT_STANDARD_LIBRARIES = YES;
				BUNDLE_LOADER = "$(TEST_HOST)";
				CODE_SIGN_STYLE = Automatic;
				DEVELOPMENT_TEAM = LQCMKYU39B;
				INFOPLIST_FILE = AlphaCamTests/Info.plist;
				LD_RUNPATH_SEARCH_PATHS = (
					"$(inherited)",
					"@executable_path/Frameworks",
					"@loader_path/Frameworks",
				);
				PRODUCT_BUNDLE_IDENTIFIER = zerey.AlphaCamTests;
				PRODUCT_NAME = "$(TARGET_NAME)";
				SWIFT_VERSION = 4.2;
				TARGETED_DEVICE_FAMILY = "1,2";
				TEST_HOST = "$(BUILT_PRODUCTS_DIR)/AlphaCam.app/AlphaCam";
			};
			name = Debug;
		};
		720E48252235EE7D00827E93 /* Release */ = {
			isa = XCBuildConfiguration;
			buildSettings = {
				ALWAYS_EMBED_SWIFT_STANDARD_LIBRARIES = YES;
				BUNDLE_LOADER = "$(TEST_HOST)";
				CODE_SIGN_STYLE = Automatic;
				DEVELOPMENT_TEAM = LQCMKYU39B;
				INFOPLIST_FILE = AlphaCamTests/Info.plist;
				LD_RUNPATH_SEARCH_PATHS = (
					"$(inherited)",
					"@executable_path/Frameworks",
					"@loader_path/Frameworks",
				);
				PRODUCT_BUNDLE_IDENTIFIER = zerey.AlphaCamTests;
				PRODUCT_NAME = "$(TARGET_NAME)";
				SWIFT_VERSION = 4.2;
				TARGETED_DEVICE_FAMILY = "1,2";
				TEST_HOST = "$(BUILT_PRODUCTS_DIR)/AlphaCam.app/AlphaCam";
			};
			name = Release;
		};
		720E48272235EE7D00827E93 /* Debug */ = {
			isa = XCBuildConfiguration;
			buildSettings = {
				ALWAYS_EMBED_SWIFT_STANDARD_LIBRARIES = YES;
				CODE_SIGN_STYLE = Automatic;
				DEVELOPMENT_TEAM = LQCMKYU39B;
				INFOPLIST_FILE = AlphaCamUITests/Info.plist;
				LD_RUNPATH_SEARCH_PATHS = (
					"$(inherited)",
					"@executable_path/Frameworks",
					"@loader_path/Frameworks",
				);
				PRODUCT_BUNDLE_IDENTIFIER = zerey.AlphaCamUITests;
				PRODUCT_NAME = "$(TARGET_NAME)";
				SWIFT_VERSION = 4.2;
				TARGETED_DEVICE_FAMILY = "1,2";
				TEST_TARGET_NAME = AlphaCam;
			};
			name = Debug;
		};
		720E48282235EE7D00827E93 /* Release */ = {
			isa = XCBuildConfiguration;
			buildSettings = {
				ALWAYS_EMBED_SWIFT_STANDARD_LIBRARIES = YES;
				CODE_SIGN_STYLE = Automatic;
				DEVELOPMENT_TEAM = LQCMKYU39B;
				INFOPLIST_FILE = AlphaCamUITests/Info.plist;
				LD_RUNPATH_SEARCH_PATHS = (
					"$(inherited)",
					"@executable_path/Frameworks",
					"@loader_path/Frameworks",
				);
				PRODUCT_BUNDLE_IDENTIFIER = zerey.AlphaCamUITests;
				PRODUCT_NAME = "$(TARGET_NAME)";
				SWIFT_VERSION = 4.2;
				TARGETED_DEVICE_FAMILY = "1,2";
				TEST_TARGET_NAME = AlphaCam;
			};
			name = Release;
		};
/* End XCBuildConfiguration section */

/* Begin XCConfigurationList section */
		720E47F32235EE7900827E93 /* Build configuration list for PBXProject "AlphaCam" */ = {
			isa = XCConfigurationList;
			buildConfigurations = (
				720E481E2235EE7D00827E93 /* Debug */,
				720E481F2235EE7D00827E93 /* Release */,
			);
			defaultConfigurationIsVisible = 0;
			defaultConfigurationName = Release;
		};
		720E48202235EE7D00827E93 /* Build configuration list for PBXNativeTarget "AlphaCam" */ = {
			isa = XCConfigurationList;
			buildConfigurations = (
				720E48212235EE7D00827E93 /* Debug */,
				720E48222235EE7D00827E93 /* Release */,
			);
			defaultConfigurationIsVisible = 0;
			defaultConfigurationName = Release;
		};
		720E48232235EE7D00827E93 /* Build configuration list for PBXNativeTarget "AlphaCamTests" */ = {
			isa = XCConfigurationList;
			buildConfigurations = (
				720E48242235EE7D00827E93 /* Debug */,
				720E48252235EE7D00827E93 /* Release */,
			);
			defaultConfigurationIsVisible = 0;
			defaultConfigurationName = Release;
		};
		720E48262235EE7D00827E93 /* Build configuration list for PBXNativeTarget "AlphaCamUITests" */ = {
			isa = XCConfigurationList;
			buildConfigurations = (
				720E48272235EE7D00827E93 /* Debug */,
				720E48282235EE7D00827E93 /* Release */,
			);
			defaultConfigurationIsVisible = 0;
			defaultConfigurationName = Release;
		};
/* End XCConfigurationList section */
	};
	rootObject = 720E47F02235EE7900827E93 /* Project object */;
}
